
Microsoft Visual Studio Solution File, Format Version 12.00
# Visual Studio 15
VisualStudioVersion = 15.0.28010.2003
MinimumVisualStudioVersion = 10.0.40219.1
Project("{FAE04EC0-301F-11D3-BF4B-00C04F79EFBC}") = "Todolist", "Todolist\Todolist.csproj", "{09621975-F251-4DF3-829F-796DE4709A7E}"
EndProject
Global
	GlobalSection(SolutionConfigurationPlatforms) = preSolution
		Debug|Any CPU = Debug|Any CPU
		Release|Any CPU = Release|Any CPU
	EndGlobalSection
	GlobalSection(ProjectConfigurationPlatforms) = postSolution
		{09621975-F251-4DF3-829F-796DE4709A7E}.Debug|Any CPU.ActiveCfg = Debug|Any CPU
		{09621975-F251-4DF3-829F-796DE4709A7E}.Debug|Any CPU.Build.0 = Debug|Any CPU
		{09621975-F251-4DF3-829F-796DE4709A7E}.Release|Any CPU.ActiveCfg = Release|Any CPU
		{09621975-F251-4DF3-829F-796DE4709A7E}.Release|Any CPU.Build.0 = Release|Any CPU
	EndGlobalSection
	GlobalSection(SolutionProperties) = preSolution
		HideSolutionNode = FALSE
	EndGlobalSection
	GlobalSection(ExtensibilityGlobals) = postSolution
		SolutionGuid = {6F8134AA-0144-42E4-81F8-EB49659DA69B}
	EndGlobalSection
EndGlobal
